
Microsoft Visual Studio Solution File, Format Version 12.00
# Visual Studio Version 17
VisualStudioVersion = 17.1.32414.318
MinimumVisualStudioVersion = 10.0.40219.1
Project("{FAE04EC0-301F-11D3-BF4B-00C04F79EFBC}") = "Class9", "Class9\Class9.csproj", "{DDB96245-CF8C-425E-BBF8-2D7715666099}"
EndProject
Global
	GlobalSection(SolutionConfigurationPlatforms) = preSolution
		Debug|Any CPU = Debug|Any CPU
		Release|Any CPU = Release|Any CPU
	EndGlobalSection
	GlobalSection(ProjectConfigurationPlatforms) = postSolution
		{DDB96245-CF8C-425E-BBF8-2D7715666099}.Debug|Any CPU.ActiveCfg = Debug|Any CPU
		{DDB96245-CF8C-425E-BBF8-2D7715666099}.Debug|Any CPU.Build.0 = Debug|Any CPU
		{DDB96245-CF8C-425E-BBF8-2D7715666099}.Release|Any CPU.ActiveCfg = Release|Any CPU
		{DDB96245-CF8C-425E-BBF8-2D7715666099}.Release|Any CPU.Build.0 = Release|Any CPU
	EndGlobalSection
	GlobalSection(SolutionProperties) = preSolution
		HideSolutionNode = FALSE
	EndGlobalSection
	GlobalSection(ExtensibilityGlobals) = postSolution
		SolutionGuid = {4E2BDD2B-3A36-48EC-A822-C0A5429B3346}
	EndGlobalSection
EndGlobal
