
Microsoft Visual Studio Solution File, Format Version 12.00
# Visual Studio Version 17
VisualStudioVersion = 17.1.32414.318
MinimumVisualStudioVersion = 10.0.40219.1
Project("{FAE04EC0-301F-11D3-BF4B-00C04F79EFBC}") = "SEDC.NoteAndTagsApp", "SEDC.NoteAndTagsApp\SEDC.NoteAndTagsApp.csproj", "{EFBD7C8E-19F3-4D11-B371-73C7CA9E482C}"
EndProject
Global
	GlobalSection(SolutionConfigurationPlatforms) = preSolution
		Debug|Any CPU = Debug|Any CPU
		Release|Any CPU = Release|Any CPU
	EndGlobalSection
	GlobalSection(ProjectConfigurationPlatforms) = postSolution
		{EFBD7C8E-19F3-4D11-B371-73C7CA9E482C}.Debug|Any CPU.ActiveCfg = Debug|Any CPU
		{EFBD7C8E-19F3-4D11-B371-73C7CA9E482C}.Debug|Any CPU.Build.0 = Debug|Any CPU
		{EFBD7C8E-19F3-4D11-B371-73C7CA9E482C}.Release|Any CPU.ActiveCfg = Release|Any CPU
		{EFBD7C8E-19F3-4D11-B371-73C7CA9E482C}.Release|Any CPU.Build.0 = Release|Any CPU
	EndGlobalSection
	GlobalSection(SolutionProperties) = preSolution
		HideSolutionNode = FALSE
	EndGlobalSection
	GlobalSection(ExtensibilityGlobals) = postSolution
		SolutionGuid = {643118F8-5D80-4D03-AFEA-4B061EDE0EB9}
	EndGlobalSection
EndGlobal
