
Microsoft Visual Studio Solution File, Format Version 12.00
# Visual Studio Version 17
VisualStudioVersion = 17.1.32414.318
MinimumVisualStudioVersion = 10.0.40219.1
Project("{FAE04EC0-301F-11D3-BF4B-00C04F79EFBC}") = "Exercise1", "Exercise1\Exercise1.csproj", "{9781896D-5ECC-49CE-9985-7C5B6082649A}"
EndProject
Global
	GlobalSection(SolutionConfigurationPlatforms) = preSolution
		Debug|Any CPU = Debug|Any CPU
		Release|Any CPU = Release|Any CPU
	EndGlobalSection
	GlobalSection(ProjectConfigurationPlatforms) = postSolution
		{9781896D-5ECC-49CE-9985-7C5B6082649A}.Debug|Any CPU.ActiveCfg = Debug|Any CPU
		{9781896D-5ECC-49CE-9985-7C5B6082649A}.Debug|Any CPU.Build.0 = Debug|Any CPU
		{9781896D-5ECC-49CE-9985-7C5B6082649A}.Release|Any CPU.ActiveCfg = Release|Any CPU
		{9781896D-5ECC-49CE-9985-7C5B6082649A}.Release|Any CPU.Build.0 = Release|Any CPU
	EndGlobalSection
	GlobalSection(SolutionProperties) = preSolution
		HideSolutionNode = FALSE
	EndGlobalSection
	GlobalSection(ExtensibilityGlobals) = postSolution
		SolutionGuid = {E1518583-1B04-4374-B19B-A6A4273B9418}
	EndGlobalSection
EndGlobal
