
Microsoft Visual Studio Solution File, Format Version 12.00
# Visual Studio Version 17
VisualStudioVersion = 17.1.32414.318
MinimumVisualStudioVersion = 10.0.40219.1
Project("{FAE04EC0-301F-11D3-BF4B-00C04F79EFBC}") = "Class4", "Class4\Class4.csproj", "{4773DE05-2403-4EE5-B348-3B27A0ECCC8B}"
EndProject
Global
	GlobalSection(SolutionConfigurationPlatforms) = preSolution
		Debug|Any CPU = Debug|Any CPU
		Release|Any CPU = Release|Any CPU
	EndGlobalSection
	GlobalSection(ProjectConfigurationPlatforms) = postSolution
		{4773DE05-2403-4EE5-B348-3B27A0ECCC8B}.Debug|Any CPU.ActiveCfg = Debug|Any CPU
		{4773DE05-2403-4EE5-B348-3B27A0ECCC8B}.Debug|Any CPU.Build.0 = Debug|Any CPU
		{4773DE05-2403-4EE5-B348-3B27A0ECCC8B}.Release|Any CPU.ActiveCfg = Release|Any CPU
		{4773DE05-2403-4EE5-B348-3B27A0ECCC8B}.Release|Any CPU.Build.0 = Release|Any CPU
	EndGlobalSection
	GlobalSection(SolutionProperties) = preSolution
		HideSolutionNode = FALSE
	EndGlobalSection
	GlobalSection(ExtensibilityGlobals) = postSolution
		SolutionGuid = {2A12599E-53EC-4D3A-84F8-DD7B15C97637}
	EndGlobalSection
EndGlobal
