
Microsoft Visual Studio Solution File, Format Version 12.00
# Visual Studio Version 17
VisualStudioVersion = 17.1.32414.318
MinimumVisualStudioVersion = 10.0.40219.1
Project("{FAE04EC0-301F-11D3-BF4B-00C04F79EFBC}") = "generics", "generics\generics.csproj", "{73725779-657D-41B9-95FC-458AAC8DB0D9}"
EndProject
Global
	GlobalSection(SolutionConfigurationPlatforms) = preSolution
		Debug|Any CPU = Debug|Any CPU
		Release|Any CPU = Release|Any CPU
	EndGlobalSection
	GlobalSection(ProjectConfigurationPlatforms) = postSolution
		{73725779-657D-41B9-95FC-458AAC8DB0D9}.Debug|Any CPU.ActiveCfg = Debug|Any CPU
		{73725779-657D-41B9-95FC-458AAC8DB0D9}.Debug|Any CPU.Build.0 = Debug|Any CPU
		{73725779-657D-41B9-95FC-458AAC8DB0D9}.Release|Any CPU.ActiveCfg = Release|Any CPU
		{73725779-657D-41B9-95FC-458AAC8DB0D9}.Release|Any CPU.Build.0 = Release|Any CPU
	EndGlobalSection
	GlobalSection(SolutionProperties) = preSolution
		HideSolutionNode = FALSE
	EndGlobalSection
	GlobalSection(ExtensibilityGlobals) = postSolution
		SolutionGuid = {363E984B-7265-4D24-8857-5034F425AB74}
	EndGlobalSection
EndGlobal
