
Microsoft Visual Studio Solution File, Format Version 12.00
# Visual Studio Version 17
VisualStudioVersion = 17.1.32414.318
MinimumVisualStudioVersion = 10.0.40219.1
Project("{FAE04EC0-301F-11D3-BF4B-00C04F79EFBC}") = "MyNewProject", "MyNewProject\MyNewProject.csproj", "{E696655B-8DF4-45D2-B9A2-E51E1A04EA00}"
EndProject
Project("{FAE04EC0-301F-11D3-BF4B-00C04F79EFBC}") = "OldWayProject", "OldWayProject\OldWayProject.csproj", "{57FA70A7-30F5-49FE-B716-811519E433CD}"
EndProject
Project("{FAE04EC0-301F-11D3-BF4B-00C04F79EFBC}") = "myNewProject1", "myNewProject1\myNewProject1.csproj", "{C78A6E23-861E-47C7-947A-B24AF74EF076}"
EndProject
Project("{FAE04EC0-301F-11D3-BF4B-00C04F79EFBC}") = "ConsoleApp2", "ConsoleApp2\ConsoleApp2.csproj", "{CB71950B-3A9C-41AF-BAD1-EEA1A4B5410B}"
EndProject
Global
	GlobalSection(SolutionConfigurationPlatforms) = preSolution
		Debug|Any CPU = Debug|Any CPU
		Release|Any CPU = Release|Any CPU
	EndGlobalSection
	GlobalSection(ProjectConfigurationPlatforms) = postSolution
		{E696655B-8DF4-45D2-B9A2-E51E1A04EA00}.Debug|Any CPU.ActiveCfg = Debug|Any CPU
		{E696655B-8DF4-45D2-B9A2-E51E1A04EA00}.Debug|Any CPU.Build.0 = Debug|Any CPU
		{E696655B-8DF4-45D2-B9A2-E51E1A04EA00}.Release|Any CPU.ActiveCfg = Release|Any CPU
		{E696655B-8DF4-45D2-B9A2-E51E1A04EA00}.Release|Any CPU.Build.0 = Release|Any CPU
		{57FA70A7-30F5-49FE-B716-811519E433CD}.Debug|Any CPU.ActiveCfg = Debug|Any CPU
		{57FA70A7-30F5-49FE-B716-811519E433CD}.Debug|Any CPU.Build.0 = Debug|Any CPU
		{57FA70A7-30F5-49FE-B716-811519E433CD}.Release|Any CPU.ActiveCfg = Release|Any CPU
		{57FA70A7-30F5-49FE-B716-811519E433CD}.Release|Any CPU.Build.0 = Release|Any CPU
		{C78A6E23-861E-47C7-947A-B24AF74EF076}.Debug|Any CPU.ActiveCfg = Debug|Any CPU
		{C78A6E23-861E-47C7-947A-B24AF74EF076}.Debug|Any CPU.Build.0 = Debug|Any CPU
		{C78A6E23-861E-47C7-947A-B24AF74EF076}.Release|Any CPU.ActiveCfg = Release|Any CPU
		{C78A6E23-861E-47C7-947A-B24AF74EF076}.Release|Any CPU.Build.0 = Release|Any CPU
		{CB71950B-3A9C-41AF-BAD1-EEA1A4B5410B}.Debug|Any CPU.ActiveCfg = Debug|Any CPU
		{CB71950B-3A9C-41AF-BAD1-EEA1A4B5410B}.Debug|Any CPU.Build.0 = Debug|Any CPU
		{CB71950B-3A9C-41AF-BAD1-EEA1A4B5410B}.Release|Any CPU.ActiveCfg = Release|Any CPU
		{CB71950B-3A9C-41AF-BAD1-EEA1A4B5410B}.Release|Any CPU.Build.0 = Release|Any CPU
	EndGlobalSection
	GlobalSection(SolutionProperties) = preSolution
		HideSolutionNode = FALSE
	EndGlobalSection
	GlobalSection(ExtensibilityGlobals) = postSolution
		SolutionGuid = {10A83C00-1D72-4B35-98BB-0816A5093D4E}
	EndGlobalSection
EndGlobal
