
Microsoft Visual Studio Solution File, Format Version 12.00
# Visual Studio Version 17
VisualStudioVersion = 17.1.32414.318
MinimumVisualStudioVersion = 10.0.40219.1
Project("{9A19103F-16F7-4668-BE54-9A1E7A4F7556}") = "Class03", "Class03\Class03.csproj", "{3999DBD9-A420-40E7-B0C9-E38B8EDFD37F}"
EndProject
Project("{FAE04EC0-301F-11D3-BF4B-00C04F79EFBC}") = "Arrays", "Arrays\Arrays.csproj", "{C7F2C5F1-F22C-4A24-AAF1-1262532E69E5}"
EndProject
Global
	GlobalSection(SolutionConfigurationPlatforms) = preSolution
		Debug|Any CPU = Debug|Any CPU
		Release|Any CPU = Release|Any CPU
	EndGlobalSection
	GlobalSection(ProjectConfigurationPlatforms) = postSolution
		{3999DBD9-A420-40E7-B0C9-E38B8EDFD37F}.Debug|Any CPU.ActiveCfg = Debug|Any CPU
		{3999DBD9-A420-40E7-B0C9-E38B8EDFD37F}.Debug|Any CPU.Build.0 = Debug|Any CPU
		{3999DBD9-A420-40E7-B0C9-E38B8EDFD37F}.Release|Any CPU.ActiveCfg = Release|Any CPU
		{3999DBD9-A420-40E7-B0C9-E38B8EDFD37F}.Release|Any CPU.Build.0 = Release|Any CPU
		{C7F2C5F1-F22C-4A24-AAF1-1262532E69E5}.Debug|Any CPU.ActiveCfg = Debug|Any CPU
		{C7F2C5F1-F22C-4A24-AAF1-1262532E69E5}.Debug|Any CPU.Build.0 = Debug|Any CPU
		{C7F2C5F1-F22C-4A24-AAF1-1262532E69E5}.Release|Any CPU.ActiveCfg = Release|Any CPU
		{C7F2C5F1-F22C-4A24-AAF1-1262532E69E5}.Release|Any CPU.Build.0 = Release|Any CPU
	EndGlobalSection
	GlobalSection(SolutionProperties) = preSolution
		HideSolutionNode = FALSE
	EndGlobalSection
	GlobalSection(ExtensibilityGlobals) = postSolution
		SolutionGuid = {57AEAAA8-8E6D-4890-A0AD-03613FC5CB9D}
	EndGlobalSection
EndGlobal
